{
  "name": "react-native-horizontal-date-picker",
  "version": "1.0.16",
  "lockfileVersion": 1,
  "requires": true,
  "dependencies": {
    "@types/prop-types": {
      "version": "15.7.0",
      "resolved": "https://registry.npmjs.org/@types/prop-types/-/prop-types-15.7.0.tgz",
      "integrity": "sha512-eItQyV43bj4rR3JPV0Skpl1SncRCdziTEK9/v8VwXmV6d/qOUO8/EuWeHBbCZcsfSHfzI5UyMJLCSXtxxznyZg==",
      "dev": true
    },
    "@types/react": {
      "version": "16.8.13",
      "resolved": "https://registry.npmjs.org/@types/react/-/react-16.8.13.tgz",
      "integrity": "sha512-otJ4ntMuHGrvm67CdDJMAls4WqotmAmW0g3HmWi9LCjSWXrxoXY/nHXrtmMfvPEEmGFNm6NdgMsJmnfH820Qaw==",
      "dev": true,
      "requires": {
        "@types/prop-types": "*",
        "csstype": "^2.2.0"
      }
    },
    "csstype": {
      "version": "2.6.3",
      "resolved": "https://registry.npmjs.org/csstype/-/csstype-2.6.3.tgz",
      "integrity": "sha512-rINUZXOkcBmoHWEyu7JdHu5JMzkGRoMX4ov9830WNgxf5UYxcBUO0QTKAqeJ5EZfSdlrcJYkC8WwfVW7JYi4yg==",
      "dev": true
    },
    "moment": {
      "version": "2.29.4",
      "resolved": "https://registry.npmjs.org/moment/-/moment-2.29.4.tgz",
      "integrity": "sha512-5LC9SOxjSc2HF6vO2CyuTDNivEdoz2IvyJJGj6X8DJ0eFyfszE0QiEd+iXmBvUP3WHxSjFH/vIsA0EN00cgr8w=="
    },
    "typescript": {
      "version": "3.4.3",
      "resolved": "https://registry.npmjs.org/typescript/-/typescript-3.4.3.tgz",
      "integrity": "sha512-FFgHdPt4T/duxx6Ndf7hwgMZZjZpB+U0nMNGVCYPq0rEzWKjEDobm4J6yb3CS7naZ0yURFqdw9Gwc7UOh/P9oQ==",
      "dev": true
    }
  }
}
